
Microsoft Visual Studio Solution File, Format Version 12.00
# Visual Studio Version 17
VisualStudioVersion = 17.3.32901.215
MinimumVisualStudioVersion = 10.0.40219.1
Project("{FAE04EC0-301F-11D3-BF4B-00C04F79EFBC}") = "Dms.API", "Dms.API\Dms.API.csproj", "{5994243C-BBF6-4CBC-A576-0452650B55A0}"
EndProject
Project("{FAE04EC0-301F-11D3-BF4B-00C04F79EFBC}") = "Dms.DataDapper", "Dms.DataDapper\Dms.DataDapper.csproj", "{3D6E6C36-1B3A-42ED-ACB1-ACEE6462E452}"
EndProject
Project("{FAE04EC0-301F-11D3-BF4B-00C04F79EFBC}") = "Dms.Domain", "Dms.Domain\Dms.Domain.csproj", "{7E45B8D8-DB85-42E4-9864-9CA7C4877852}"
EndProject
Global
	GlobalSection(SolutionConfigurationPlatforms) = preSolution
		Debug|Any CPU = Debug|Any CPU
		Release|Any CPU = Release|Any CPU
	EndGlobalSection
	GlobalSection(ProjectConfigurationPlatforms) = postSolution
		{5994243C-BBF6-4CBC-A576-0452650B55A0}.Debug|Any CPU.ActiveCfg = Debug|Any CPU
		{5994243C-BBF6-4CBC-A576-0452650B55A0}.Debug|Any CPU.Build.0 = Debug|Any CPU
		{5994243C-BBF6-4CBC-A576-0452650B55A0}.Release|Any CPU.ActiveCfg = Release|Any CPU
		{5994243C-BBF6-4CBC-A576-0452650B55A0}.Release|Any CPU.Build.0 = Release|Any CPU
		{3D6E6C36-1B3A-42ED-ACB1-ACEE6462E452}.Debug|Any CPU.ActiveCfg = Debug|Any CPU
		{3D6E6C36-1B3A-42ED-ACB1-ACEE6462E452}.Debug|Any CPU.Build.0 = Debug|Any CPU
		{3D6E6C36-1B3A-42ED-ACB1-ACEE6462E452}.Release|Any CPU.ActiveCfg = Release|Any CPU
		{3D6E6C36-1B3A-42ED-ACB1-ACEE6462E452}.Release|Any CPU.Build.0 = Release|Any CPU
		{7E45B8D8-DB85-42E4-9864-9CA7C4877852}.Debug|Any CPU.ActiveCfg = Debug|Any CPU
		{7E45B8D8-DB85-42E4-9864-9CA7C4877852}.Debug|Any CPU.Build.0 = Debug|Any CPU
		{7E45B8D8-DB85-42E4-9864-9CA7C4877852}.Release|Any CPU.ActiveCfg = Release|Any CPU
		{7E45B8D8-DB85-42E4-9864-9CA7C4877852}.Release|Any CPU.Build.0 = Release|Any CPU
	EndGlobalSection
	GlobalSection(SolutionProperties) = preSolution
		HideSolutionNode = FALSE
	EndGlobalSection
	GlobalSection(ExtensibilityGlobals) = postSolution
		SolutionGuid = {63B817A1-DF5E-474D-88AF-28B7B6A260D1}
	EndGlobalSection
EndGlobal
